
Microsoft Visual Studio Solution File, Format Version 12.00
# Visual Studio Version 16
VisualStudioVersion = 16.0.31205.134
MinimumVisualStudioVersion = 10.0.40219.1
Project("{9A19103F-16F7-4668-BE54-9A1E7A4F7556}") = "ConsoleApp", "ConsoleApp\ConsoleApp.csproj", "{04E19D1D-46D8-4C66-B608-4C33E67721A1}"
EndProject
Project("{9A19103F-16F7-4668-BE54-9A1E7A4F7556}") = "QSBMODLibrary", "QSBMODLibrary\QSBMODLibrary.csproj", "{A8CF98AC-D2F3-4618-8FB7-7E66D0B34A3E}"
EndProject
Project("{9A19103F-16F7-4668-BE54-9A1E7A4F7556}") = "QSBMODWinForms", "WinFormsQSBMOD\QSBMODWinForms.csproj", "{9E558B4F-C683-4D6C-83C6-2609807ACBFF}"
EndProject
Project("{FAE04EC0-301F-11D3-BF4B-00C04F79EFBC}") = "QSBMODWinFormsNF", "QSBMODWinFormsNF\QSBMODWinFormsNF.csproj", "{3A8BEE3C-13AF-470C-BE5B-F63EA7ED704A}"
EndProject
Project("{FAE04EC0-301F-11D3-BF4B-00C04F79EFBC}") = "QSBMODLibraryNF", "QSBMODLibraryNF\QSBMODLibraryNF.csproj", "{241B0D0C-4597-4C1B-93F7-09F4182BFA13}"
EndProject
Global
	GlobalSection(SolutionConfigurationPlatforms) = preSolution
		Debug|Any CPU = Debug|Any CPU
		Release|Any CPU = Release|Any CPU
		Test|Any CPU = Test|Any CPU
	EndGlobalSection
	GlobalSection(ProjectConfigurationPlatforms) = postSolution
		{04E19D1D-46D8-4C66-B608-4C33E67721A1}.Debug|Any CPU.ActiveCfg = Debug|Any CPU
		{04E19D1D-46D8-4C66-B608-4C33E67721A1}.Debug|Any CPU.Build.0 = Debug|Any CPU
		{04E19D1D-46D8-4C66-B608-4C33E67721A1}.Release|Any CPU.ActiveCfg = Release|Any CPU
		{04E19D1D-46D8-4C66-B608-4C33E67721A1}.Release|Any CPU.Build.0 = Release|Any CPU
		{04E19D1D-46D8-4C66-B608-4C33E67721A1}.Test|Any CPU.ActiveCfg = Test|Any CPU
		{04E19D1D-46D8-4C66-B608-4C33E67721A1}.Test|Any CPU.Build.0 = Test|Any CPU
		{A8CF98AC-D2F3-4618-8FB7-7E66D0B34A3E}.Debug|Any CPU.ActiveCfg = Debug|Any CPU
		{A8CF98AC-D2F3-4618-8FB7-7E66D0B34A3E}.Debug|Any CPU.Build.0 = Debug|Any CPU
		{A8CF98AC-D2F3-4618-8FB7-7E66D0B34A3E}.Release|Any CPU.ActiveCfg = Release|Any CPU
		{A8CF98AC-D2F3-4618-8FB7-7E66D0B34A3E}.Release|Any CPU.Build.0 = Release|Any CPU
		{A8CF98AC-D2F3-4618-8FB7-7E66D0B34A3E}.Test|Any CPU.ActiveCfg = Test|Any CPU
		{A8CF98AC-D2F3-4618-8FB7-7E66D0B34A3E}.Test|Any CPU.Build.0 = Test|Any CPU
		{9E558B4F-C683-4D6C-83C6-2609807ACBFF}.Debug|Any CPU.ActiveCfg = Debug|Any CPU
		{9E558B4F-C683-4D6C-83C6-2609807ACBFF}.Debug|Any CPU.Build.0 = Debug|Any CPU
		{9E558B4F-C683-4D6C-83C6-2609807ACBFF}.Release|Any CPU.ActiveCfg = Release|Any CPU
		{9E558B4F-C683-4D6C-83C6-2609807ACBFF}.Release|Any CPU.Build.0 = Release|Any CPU
		{9E558B4F-C683-4D6C-83C6-2609807ACBFF}.Test|Any CPU.ActiveCfg = Test|Any CPU
		{9E558B4F-C683-4D6C-83C6-2609807ACBFF}.Test|Any CPU.Build.0 = Test|Any CPU
		{3A8BEE3C-13AF-470C-BE5B-F63EA7ED704A}.Debug|Any CPU.ActiveCfg = Debug|Any CPU
		{3A8BEE3C-13AF-470C-BE5B-F63EA7ED704A}.Debug|Any CPU.Build.0 = Debug|Any CPU
		{3A8BEE3C-13AF-470C-BE5B-F63EA7ED704A}.Release|Any CPU.ActiveCfg = Release|Any CPU
		{3A8BEE3C-13AF-470C-BE5B-F63EA7ED704A}.Release|Any CPU.Build.0 = Release|Any CPU
		{3A8BEE3C-13AF-470C-BE5B-F63EA7ED704A}.Test|Any CPU.ActiveCfg = Debug|Any CPU
		{3A8BEE3C-13AF-470C-BE5B-F63EA7ED704A}.Test|Any CPU.Build.0 = Debug|Any CPU
		{241B0D0C-4597-4C1B-93F7-09F4182BFA13}.Debug|Any CPU.ActiveCfg = Debug|Any CPU
		{241B0D0C-4597-4C1B-93F7-09F4182BFA13}.Debug|Any CPU.Build.0 = Debug|Any CPU
		{241B0D0C-4597-4C1B-93F7-09F4182BFA13}.Release|Any CPU.ActiveCfg = Release|Any CPU
		{241B0D0C-4597-4C1B-93F7-09F4182BFA13}.Release|Any CPU.Build.0 = Release|Any CPU
		{241B0D0C-4597-4C1B-93F7-09F4182BFA13}.Test|Any CPU.ActiveCfg = Debug|Any CPU
		{241B0D0C-4597-4C1B-93F7-09F4182BFA13}.Test|Any CPU.Build.0 = Debug|Any CPU
	EndGlobalSection
	GlobalSection(SolutionProperties) = preSolution
		HideSolutionNode = FALSE
	EndGlobalSection
	GlobalSection(ExtensibilityGlobals) = postSolution
		SolutionGuid = {9BFE2A86-469F-4CCF-8F19-E655BBA6DE4D}
	EndGlobalSection
EndGlobal
